
Microsoft Visual Studio Solution File, Format Version 12.00
# Visual Studio Version 17
VisualStudioVersion = 17.11.35312.102
MinimumVisualStudioVersion = 10.0.40219.1
Project("{FAE04EC0-301F-11D3-BF4B-00C04F79EFBC}") = "Arion-IOBWS-Cards-SampleClient", "Arion-IOBWS-Cards-SampleClient.csproj", "{334B2BE4-8364-4B1E-9B1F-BE3E2A42F878}"
EndProject
Global
	GlobalSection(SolutionConfigurationPlatforms) = preSolution
		Debug|Any CPU = Debug|Any CPU
		Release|Any CPU = Release|Any CPU
	EndGlobalSection
	GlobalSection(ProjectConfigurationPlatforms) = postSolution
		{334B2BE4-8364-4B1E-9B1F-BE3E2A42F878}.Debug|Any CPU.ActiveCfg = Debug|Any CPU
		{334B2BE4-8364-4B1E-9B1F-BE3E2A42F878}.Debug|Any CPU.Build.0 = Debug|Any CPU
		{334B2BE4-8364-4B1E-9B1F-BE3E2A42F878}.Release|Any CPU.ActiveCfg = Release|Any CPU
		{334B2BE4-8364-4B1E-9B1F-BE3E2A42F878}.Release|Any CPU.Build.0 = Release|Any CPU
	EndGlobalSection
	GlobalSection(SolutionProperties) = preSolution
		HideSolutionNode = FALSE
	EndGlobalSection
	GlobalSection(ExtensibilityGlobals) = postSolution
		SolutionGuid = {DCBE6DFE-898C-4586-872B-3DF7DA906ABE}
	EndGlobalSection
EndGlobal
